
Microsoft Visual Studio Solution File, Format Version 12.00
# Visual Studio Version 17
VisualStudioVersion = 17.13.35806.99 d17.13
MinimumVisualStudioVersion = 10.0.40219.1
Project("{FAE04EC0-301F-11D3-BF4B-00C04F79EFBC}") = "web-Api", "web-Api.csproj", "{944A716C-93AF-4822-B004-D5900372FEA5}"
EndProject
Global
	GlobalSection(SolutionConfigurationPlatforms) = preSolution
		Debug|Any CPU = Debug|Any CPU
		Release|Any CPU = Release|Any CPU
	EndGlobalSection
	GlobalSection(ProjectConfigurationPlatforms) = postSolution
		{944A716C-93AF-4822-B004-D5900372FEA5}.Debug|Any CPU.ActiveCfg = Debug|Any CPU
		{944A716C-93AF-4822-B004-D5900372FEA5}.Debug|Any CPU.Build.0 = Debug|Any CPU
		{944A716C-93AF-4822-B004-D5900372FEA5}.Release|Any CPU.ActiveCfg = Release|Any CPU
		{944A716C-93AF-4822-B004-D5900372FEA5}.Release|Any CPU.Build.0 = Release|Any CPU
	EndGlobalSection
	GlobalSection(SolutionProperties) = preSolution
		HideSolutionNode = FALSE
	EndGlobalSection
	GlobalSection(ExtensibilityGlobals) = postSolution
		SolutionGuid = {E5D4769F-7E1D-422E-87FD-1D13A4235BCE}
	EndGlobalSection
EndGlobal
